// !$*UTF8*$!
{
	archiveVersion = 1;
	classes = {
	};
	objectVersion = 77;
	objects = {

/* Begin PBXContainerItemProxy section */
		AD6462A92CDD4AC100C384E7 /* PBXContainerItemProxy */ = {
			isa = PBXContainerItemProxy;
			containerPortal = AD6462902CDD4ABF00C384E7 /* Project object */;
			proxyType = 1;
			remoteGlobalIDString = AD6462972CDD4ABF00C384E7;
			remoteInfo = TinyTactile;
		};
		AD6462B32CDD4AC100C384E7 /* PBXContainerItemProxy */ = {
			isa = PBXContainerItemProxy;
			containerPortal = AD6462902CDD4ABF00C384E7 /* Project object */;
			proxyType = 1;
			remoteGlobalIDString = AD6462972CDD4ABF00C384E7;
			remoteInfo = TinyTactile;
		};
/* End PBXContainerItemProxy section */

/* Begin PBXFileReference section */
		AD6462982CDD4ABF00C384E7 /* TinyTactile.app */ = {isa = PBXFileReference; explicitFileType = wrapper.application; includeInIndex = 0; path = TinyTactile.app; sourceTree = BUILT_PRODUCTS_DIR; };
		AD6462A82CDD4AC100C384E7 /* TinyTactileTests.xctest */ = {isa = PBXFileReference; explicitFileType = wrapper.cfbundle; includeInIndex = 0; path = TinyTactileTests.xctest; sourceTree = BUILT_PRODUCTS_DIR; };
		AD6462B22CDD4AC100C384E7 /* TinyTactileUITests.xctest */ = {isa = PBXFileReference; explicitFileType = wrapper.cfbundle; includeInIndex = 0; path = TinyTactileUITests.xctest; sourceTree = BUILT_PRODUCTS_DIR; };
/* End PBXFileReference section */

/* Begin PBXFileSystemSynchronizedRootGroup section */
		AD64629A2CDD4ABF00C384E7 /* TinyTactile */ = {
			isa = PBXFileSystemSynchronizedRootGroup;
			path = TinyTactile;
			sourceTree = "<group>";
		};
		AD6462AB2CDD4AC100C384E7 /* TinyTactileTests */ = {
			isa = PBXFileSystemSynchronizedRootGroup;
			path = TinyTactileTests;
			sourceTree = "<group>";
		};
		AD6462B52CDD4AC100C384E7 /* TinyTactileUITests */ = {
			isa = PBXFileSystemSynchronizedRootGroup;
			path = TinyTactileUITests;
			sourceTree = "<group>";
		};
/* End PBXFileSystemSynchronizedRootGroup section */

/* Begin PBXFrameworksBuildPhase section */
		AD6462952CDD4ABF00C384E7 /* Frameworks */ = {
			isa = PBXFrameworksBuildPhase;
			buildActionMask = 2147483647;
			files = (
			);
			runOnlyForDeploymentPostprocessing = 0;
		};
		AD6462A52CDD4AC100C384E7 /* Frameworks */ = {
			isa = PBXFrameworksBuildPhase;
			buildActionMask = 2147483647;
			files = (
			);
			runOnlyForDeploymentPostprocessing = 0;
		};
		AD6462AF2CDD4AC100C384E7 /* Frameworks */ = {
			isa = PBXFrameworksBuildPhase;
			buildActionMask = 2147483647;
			files = (
			);
			runOnlyForDeploymentPostprocessing = 0;
		};
/* End PBXFrameworksBuildPhase section */

/* Begin PBXGroup section */
		AD64628F2CDD4ABF00C384E7 = {
			isa = PBXGroup;
			children = (
				AD64629A2CDD4ABF00C384E7 /* TinyTactile */,
				AD6462AB2CDD4AC100C384E7 /* TinyTactileTests */,
				AD6462B52CDD4AC100C384E7 /* TinyTactileUITests */,
				AD6462992CDD4ABF00C384E7 /* Products */,
			);
			sourceTree = "<group>";
		};
		AD6462992CDD4ABF00C384E7 /* Products */ = {
			isa = PBXGroup;
			children = (
				AD6462982CDD4ABF00C384E7 /* TinyTactile.app */,
				AD6462A82CDD4AC100C384E7 /* TinyTactileTests.xctest */,
				AD6462B22CDD4AC100C384E7 /* TinyTactileUITests.xctest */,
			);
			name = Products;
			sourceTree = "<group>";
		};
/* End PBXGroup section */

/* Begin PBXNativeTarget section */
		AD6462972CDD4ABF00C384E7 /* TinyTactile */ = {
			isa = PBXNativeTarget;
			buildConfigurationList = AD6462BC2CDD4AC100C384E7 /* Build configuration list for PBXNativeTarget "TinyTactile" */;
			buildPhases = (
				AD6462942CDD4ABF00C384E7 /* Sources */,
				AD6462952CDD4ABF00C384E7 /* Frameworks */,
				AD6462962CDD4ABF00C384E7 /* Resources */,
			);
			buildRules = (
			);
			dependencies = (
			);
			fileSystemSynchronizedGroups = (
				AD64629A2CDD4ABF00C384E7 /* TinyTactile */,
			);
			name = TinyTactile;
			packageProductDependencies = (
			);
			productName = TinyTactile;
			productReference = AD6462982CDD4ABF00C384E7 /* TinyTactile.app */;
			productType = "com.apple.product-type.application";
		};
		AD6462A72CDD4AC100C384E7 /* TinyTactileTests */ = {
			isa = PBXNativeTarget;
			buildConfigurationList = AD6462BF2CDD4AC100C384E7 /* Build configuration list for PBXNativeTarget "TinyTactileTests" */;
			buildPhases = (
				AD6462A42CDD4AC100C384E7 /* Sources */,
				AD6462A52CDD4AC100C384E7 /* Frameworks */,
				AD6462A62CDD4AC100C384E7 /* Resources */,
			);
			buildRules = (
			);
			dependencies = (
				AD6462AA2CDD4AC100C384E7 /* PBXTargetDependency */,
			);
			fileSystemSynchronizedGroups = (
				AD6462AB2CDD4AC100C384E7 /* TinyTactileTests */,
			);
			name = TinyTactileTests;
			packageProductDependencies = (
			);
			productName = TinyTactileTests;
			productReference = AD6462A82CDD4AC100C384E7 /* TinyTactileTests.xctest */;
			productType = "com.apple.product-type.bundle.unit-test";
		};
		AD6462B12CDD4AC100C384E7 /* TinyTactileUITests */ = {
			isa = PBXNativeTarget;
			buildConfigurationList = AD6462C22CDD4AC100C384E7 /* Build configuration list for PBXNativeTarget "TinyTactileUITests" */;
			buildPhases = (
				AD6462AE2CDD4AC100C384E7 /* Sources */,
				AD6462AF2CDD4AC100C384E7 /* Frameworks */,
				AD6462B02CDD4AC100C384E7 /* Resources */,
			);
			buildRules = (
			);
			dependencies = (
				AD6462B42CDD4AC100C384E7 /* PBXTargetDependency */,
			);
			fileSystemSynchronizedGroups = (
				AD6462B52CDD4AC100C384E7 /* TinyTactileUITests */,
			);
			name = TinyTactileUITests;
			packageProductDependencies = (
			);
			productName = TinyTactileUITests;
			productReference = AD6462B22CDD4AC100C384E7 /* TinyTactileUITests.xctest */;
			productType = "com.apple.product-type.bundle.ui-testing";
		};
/* End PBXNativeTarget section */

/* Begin PBXProject section */
		AD6462902CDD4ABF00C384E7 /* Project object */ = {
			isa = PBXProject;
			attributes = {
				BuildIndependentTargetsInParallel = 1;
				LastSwiftUpdateCheck = 1610;
				LastUpgradeCheck = 1610;
				TargetAttributes = {
					AD6462972CDD4ABF00C384E7 = {
						CreatedOnToolsVersion = 16.1;
					};
					AD6462A72CDD4AC100C384E7 = {
						CreatedOnToolsVersion = 16.1;
						TestTargetID = AD6462972CDD4ABF00C384E7;
					};
					AD6462B12CDD4AC100C384E7 = {
						CreatedOnToolsVersion = 16.1;
						TestTargetID = AD6462972CDD4ABF00C384E7;
					};
				};
			};
			buildConfigurationList = AD6462932CDD4ABF00C384E7 /* Build configuration list for PBXProject "TinyTactile" */;
			developmentRegion = en;
			hasScannedForEncodings = 0;
			knownRegions = (
				en,
				Base,
			);
			mainGroup = AD64628F2CDD4ABF00C384E7;
			minimizedProjectReferenceProxies = 1;
			preferredProjectObjectVersion = 77;
			productRefGroup = AD6462992CDD4ABF00C384E7 /* Products */;
			projectDirPath = "";
			projectRoot = "";
			targets = (
				AD6462972CDD4ABF00C384E7 /* TinyTactile */,
				AD6462A72CDD4AC100C384E7 /* TinyTactileTests */,
				AD6462B12CDD4AC100C384E7 /* TinyTactileUITests */,
			);
		};
/* End PBXProject section */

/* Begin PBXResourcesBuildPhase section */
		AD6462962CDD4ABF00C384E7 /* Resources */ = {
			isa = PBXResourcesBuildPhase;
			buildActionMask = 2147483647;
			files = (
			);
			runOnlyForDeploymentPostprocessing = 0;
		};
		AD6462A62CDD4AC100C384E7 /* Resources */ = {
			isa = PBXResourcesBuildPhase;
			buildActionMask = 2147483647;
			files = (
			);
			runOnlyForDeploymentPostprocessing = 0;
		};
		AD6462B02CDD4AC100C384E7 /* Resources */ = {
			isa = PBXResourcesBuildPhase;
			buildActionMask = 2147483647;
			files = (
			);
			runOnlyForDeploymentPostprocessing = 0;
		};
/* End PBXResourcesBuildPhase section */

/* Begin PBXSourcesBuildPhase section */
		AD6462942CDD4ABF00C384E7 /* Sources */ = {
			isa = PBXSourcesBuildPhase;
			buildActionMask = 2147483647;
			files = (
			);
			runOnlyForDeploymentPostprocessing = 0;
		};
		AD6462A42CDD4AC100C384E7 /* Sources */ = {
			isa = PBXSourcesBuildPhase;
			buildActionMask = 2147483647;
			files = (
			);
			runOnlyForDeploymentPostprocessing = 0;
		};
		AD6462AE2CDD4AC100C384E7 /* Sources */ = {
			isa = PBXSourcesBuildPhase;
			buildActionMask = 2147483647;
			files = (
			);
			runOnlyForDeploymentPostprocessing = 0;
		};
/* End PBXSourcesBuildPhase section */

/* Begin PBXTargetDependency section */
		AD6462AA2CDD4AC100C384E7 /* PBXTargetDependency */ = {
			isa = PBXTargetDependency;
			target = AD6462972CDD4ABF00C384E7 /* TinyTactile */;
			targetProxy = AD6462A92CDD4AC100C384E7 /* PBXContainerItemProxy */;
		};
		AD6462B42CDD4AC100C384E7 /* PBXTargetDependency */ = {
			isa = PBXTargetDependency;
			target = AD6462972CDD4ABF00C384E7 /* TinyTactile */;
			targetProxy = AD6462B32CDD4AC100C384E7 /* PBXContainerItemProxy */;
		};
/* End PBXTargetDependency section */

/* Begin XCBuildConfiguration section */
		AD6462BA2CDD4AC100C384E7 /* Debug */ = {
			isa = XCBuildConfiguration;
			buildSettings = {
				ALWAYS_SEARCH_USER_PATHS = NO;
				ASSETCATALOG_COMPILER_GENERATE_SWIFT_ASSET_SYMBOL_EXTENSIONS = YES;
				CLANG_ANALYZER_NONNULL = YES;
				CLANG_ANALYZER_NUMBER_OBJECT_CONVERSION = YES_AGGRESSIVE;
				CLANG_CXX_LANGUAGE_STANDARD = "gnu++20";
				CLANG_ENABLE_MODULES = YES;
				CLANG_ENABLE_OBJC_ARC = YES;
				CLANG_ENABLE_OBJC_WEAK = YES;
				CLANG_WARN_BLOCK_CAPTURE_AUTORELEASING = YES;
				CLANG_WARN_BOOL_CONVERSION = YES;
				CLANG_WARN_COMMA = YES;
				CLANG_WARN_CONSTANT_CONVERSION = YES;
				CLANG_WARN_DEPRECATED_OBJC_IMPLEMENTATIONS = YES;
				CLANG_WARN_DIRECT_OBJC_ISA_USAGE = YES_ERROR;
				CLANG_WARN_DOCUMENTATION_COMMENTS = YES;
				CLANG_WARN_EMPTY_BODY = YES;
				CLANG_WARN_ENUM_CONVERSION = YES;
				CLANG_WARN_INFINITE_RECURSION = YES;
				CLANG_WARN_INT_CONVERSION = YES;
				CLANG_WARN_NON_LITERAL_NULL_CONVERSION = YES;
				CLANG_WARN_OBJC_IMPLICIT_RETAIN_SELF = YES;
				CLANG_WARN_OBJC_LITERAL_CONVERSION = YES;
				CLANG_WARN_OBJC_ROOT_CLASS = YES_ERROR;
				CLANG_WARN_QUOTED_INCLUDE_IN_FRAMEWORK_HEADER = YES;
				CLANG_WARN_RANGE_LOOP_ANALYSIS = YES;
				CLANG_WARN_STRICT_PROTOTYPES = YES;
				CLANG_WARN_SUSPICIOUS_MOVE = YES;
				CLANG_WARN_UNGUARDED_AVAILABILITY = YES_AGGRESSIVE;
				CLANG_WARN_UNREACHABLE_CODE = YES;
				CLANG_WARN__DUPLICATE_METHOD_MATCH = YES;
				COPY_PHASE_STRIP = NO;
				DEBUG_INFORMATION_FORMAT = dwarf;
				ENABLE_STRICT_OBJC_MSGSEND = YES;
				ENABLE_TESTABILITY = YES;
				ENABLE_USER_SCRIPT_SANDBOXING = YES;
				GCC_C_LANGUAGE_STANDARD = gnu17;
				GCC_DYNAMIC_NO_PIC = NO;
				GCC_NO_COMMON_BLOCKS = YES;
				GCC_OPTIMIZATION_LEVEL = 0;
				GCC_PREPROCESSOR_DEFINITIONS = (
					"DEBUG=1",
					"$(inherited)",
				);
				GCC_WARN_64_TO_32_BIT_CONVERSION = YES;
				GCC_WARN_ABOUT_RETURN_TYPE = YES_ERROR;
				GCC_WARN_UNDECLARED_SELECTOR = YES;
				GCC_WARN_UNINITIALIZED_AUTOS = YES_AGGRESSIVE;
				GCC_WARN_UNUSED_FUNCTION = YES;
				GCC_WARN_UNUSED_VARIABLE = YES;
				IPHONEOS_DEPLOYMENT_TARGET = 18.1;
				LOCALIZATION_PREFERS_STRING_CATALOGS = YES;
				MTL_ENABLE_DEBUG_INFO = INCLUDE_SOURCE;
				MTL_FAST_MATH = YES;
				ONLY_ACTIVE_ARCH = YES;
				SDKROOT = iphoneos;
				SWIFT_ACTIVE_COMPILATION_CONDITIONS = "DEBUG $(inherited)";
				SWIFT_OPTIMIZATION_LEVEL = "-Onone";
			};
			name = Debug;
		};
		AD6462BB2CDD4AC100C384E7 /* Release */ = {
			isa = XCBuildConfiguration;
			buildSettings = {
				ALWAYS_SEARCH_USER_PATHS = NO;
				ASSETCATALOG_COMPILER_GENERATE_SWIFT_ASSET_SYMBOL_EXTENSIONS = YES;
				CLANG_ANALYZER_NONNULL = YES;
				CLANG_ANALYZER_NUMBER_OBJECT_CONVERSION = YES_AGGRESSIVE;
				CLANG_CXX_LANGUAGE_STANDARD = "gnu++20";
				CLANG_ENABLE_MODULES = YES;
				CLANG_ENABLE_OBJC_ARC = YES;
				CLANG_ENABLE_OBJC_WEAK = YES;
				CLANG_WARN_BLOCK_CAPTURE_AUTORELEASING = YES;
				CLANG_WARN_BOOL_CONVERSION = YES;
				CLANG_WARN_COMMA = YES;
				CLANG_WARN_CONSTANT_CONVERSION = YES;
				CLANG_WARN_DEPRECATED_OBJC_IMPLEMENTATIONS = YES;
				CLANG_WARN_DIRECT_OBJC_ISA_USAGE = YES_ERROR;
				CLANG_WARN_DOCUMENTATION_COMMENTS = YES;
				CLANG_WARN_EMPTY_BODY = YES;
				CLANG_WARN_ENUM_CONVERSION = YES;
				CLANG_WARN_INFINITE_RECURSION = YES;
				CLANG_WARN_INT_CONVERSION = YES;
				CLANG_WARN_NON_LITERAL_NULL_CONVERSION = YES;
				CLANG_WARN_OBJC_IMPLICIT_RETAIN_SELF = YES;
				CLANG_WARN_OBJC_LITERAL_CONVERSION = YES;
				CLANG_WARN_OBJC_ROOT_CLASS = YES_ERROR;
				CLANG_WARN_QUOTED_INCLUDE_IN_FRAMEWORK_HEADER = YES;
				CLANG_WARN_RANGE_LOOP_ANALYSIS = YES;
				CLANG_WARN_STRICT_PROTOTYPES = YES;
				CLANG_WARN_SUSPICIOUS_MOVE = YES;
				CLANG_WARN_UNGUARDED_AVAILABILITY = YES_AGGRESSIVE;
				CLANG_WARN_UNREACHABLE_CODE = YES;
				CLANG_WARN__DUPLICATE_METHOD_MATCH = YES;
				COPY_PHASE_STRIP = NO;
				DEBUG_INFORMATION_FORMAT = "dwarf-with-dsym";
				ENABLE_NS_ASSERTIONS = NO;
				ENABLE_STRICT_OBJC_MSGSEND = YES;
				ENABLE_USER_SCRIPT_SANDBOXING = YES;
				GCC_C_LANGUAGE_STANDARD = gnu17;
				GCC_NO_COMMON_BLOCKS = YES;
				GCC_WARN_64_TO_32_BIT_CONVERSION = YES;
				GCC_WARN_ABOUT_RETURN_TYPE = YES_ERROR;
				GCC_WARN_UNDECLARED_SELECTOR = YES;
				GCC_WARN_UNINITIALIZED_AUTOS = YES_AGGRESSIVE;
				GCC_WARN_UNUSED_FUNCTION = YES;
				GCC_WARN_UNUSED_VARIABLE = YES;
				IPHONEOS_DEPLOYMENT_TARGET = 18.1;
				LOCALIZATION_PREFERS_STRING_CATALOGS = YES;
				MTL_ENABLE_DEBUG_INFO = NO;
				MTL_FAST_MATH = YES;
				SDKROOT = iphoneos;
				SWIFT_COMPILATION_MODE = wholemodule;
				VALIDATE_PRODUCT = YES;
			};
			name = Release;
		};
		AD6462BD2CDD4AC100C384E7 /* Debug */ = {
			isa = XCBuildConfiguration;
			buildSettings = {
				ASSETCATALOG_COMPILER_APPICON_NAME = AppIcon;
				ASSETCATALOG_COMPILER_GLOBAL_ACCENT_COLOR_NAME = AccentColor;
				CODE_SIGN_STYLE = Automatic;
				CURRENT_PROJECT_VERSION = 1;
				DEVELOPMENT_ASSET_PATHS = "\"TinyTactile/Preview Content\"";
				DEVELOPMENT_TEAM = HWH6G9P2V2;
				ENABLE_PREVIEWS = YES;
				GENERATE_INFOPLIST_FILE = YES;
				INFOPLIST_KEY_UIApplicationSceneManifest_Generation = YES;
				INFOPLIST_KEY_UIApplicationSupportsIndirectInputEvents = YES;
				INFOPLIST_KEY_UILaunchScreen_Generation = YES;
				INFOPLIST_KEY_UISupportedInterfaceOrientations_iPad = "UIInterfaceOrientationPortrait UIInterfaceOrientationPortraitUpsideDown UIInterfaceOrientationLandscapeLeft UIInterfaceOrientationLandscapeRight";
				INFOPLIST_KEY_UISupportedInterfaceOrientations_iPhone = "UIInterfaceOrientationPortrait UIInterfaceOrientationLandscapeLeft UIInterfaceOrientationLandscapeRight";
				LD_RUNPATH_SEARCH_PATHS = (
					"$(inherited)",
					"@executable_path/Frameworks",
				);
				MARKETING_VERSION = 1.0;
				PRODUCT_BUNDLE_IDENTIFIER = works.dd.TinyTactile;
				PRODUCT_NAME = "$(TARGET_NAME)";
				SWIFT_EMIT_LOC_STRINGS = YES;
				SWIFT_VERSION = 5.0;
				TARGETED_DEVICE_FAMILY = "1,2";
			};
			name = Debug;
		};
		AD6462BE2CDD4AC100C384E7 /* Release */ = {
			isa = XCBuildConfiguration;
			buildSettings = {
				ASSETCATALOG_COMPILER_APPICON_NAME = AppIcon;
				ASSETCATALOG_COMPILER_GLOBAL_ACCENT_COLOR_NAME = AccentColor;
				CODE_SIGN_STYLE = Automatic;
				CURRENT_PROJECT_VERSION = 1;
				DEVELOPMENT_ASSET_PATHS = "\"TinyTactile/Preview Content\"";
				DEVELOPMENT_TEAM = HWH6G9P2V2;
				ENABLE_PREVIEWS = YES;
				GENERATE_INFOPLIST_FILE = YES;
				INFOPLIST_KEY_UIApplicationSceneManifest_Generation = YES;
				INFOPLIST_KEY_UIApplicationSupportsIndirectInputEvents = YES;
				INFOPLIST_KEY_UILaunchScreen_Generation = YES;
				INFOPLIST_KEY_UISupportedInterfaceOrientations_iPad = "UIInterfaceOrientationPortrait UIInterfaceOrientationPortraitUpsideDown UIInterfaceOrientationLandscapeLeft UIInterfaceOrientationLandscapeRight";
				INFOPLIST_KEY_UISupportedInterfaceOrientations_iPhone = "UIInterfaceOrientationPortrait UIInterfaceOrientationLandscapeLeft UIInterfaceOrientationLandscapeRight";
				LD_RUNPATH_SEARCH_PATHS = (
					"$(inherited)",
					"@executable_path/Frameworks",
				);
				MARKETING_VERSION = 1.0;
				PRODUCT_BUNDLE_IDENTIFIER = works.dd.TinyTactile;
				PRODUCT_NAME = "$(TARGET_NAME)";
				SWIFT_EMIT_LOC_STRINGS = YES;
				SWIFT_VERSION = 5.0;
				TARGETED_DEVICE_FAMILY = "1,2";
			};
			name = Release;
		};
		AD6462C02CDD4AC100C384E7 /* Debug */ = {
			isa = XCBuildConfiguration;
			buildSettings = {
				BUNDLE_LOADER = "$(TEST_HOST)";
				CODE_SIGN_STYLE = Automatic;
				CURRENT_PROJECT_VERSION = 1;
				DEVELOPMENT_TEAM = HWH6G9P2V2;
				GENERATE_INFOPLIST_FILE = YES;
				IPHONEOS_DEPLOYMENT_TARGET = 18.1;
				MARKETING_VERSION = 1.0;
				PRODUCT_BUNDLE_IDENTIFIER = works.dd.TinyTactileTests;
				PRODUCT_NAME = "$(TARGET_NAME)";
				SWIFT_EMIT_LOC_STRINGS = NO;
				SWIFT_VERSION = 5.0;
				TARGETED_DEVICE_FAMILY = "1,2";
				TEST_HOST = "$(BUILT_PRODUCTS_DIR)/TinyTactile.app/$(BUNDLE_EXECUTABLE_FOLDER_PATH)/TinyTactile";
			};
			name = Debug;
		};
		AD6462C12CDD4AC100C384E7 /* Release */ = {
			isa = XCBuildConfiguration;
			buildSettings = {
				BUNDLE_LOADER = "$(TEST_HOST)";
				CODE_SIGN_STYLE = Automatic;
				CURRENT_PROJECT_VERSION = 1;
				DEVELOPMENT_TEAM = HWH6G9P2V2;
				GENERATE_INFOPLIST_FILE = YES;
				IPHONEOS_DEPLOYMENT_TARGET = 18.1;
				MARKETING_VERSION = 1.0;
				PRODUCT_BUNDLE_IDENTIFIER = works.dd.TinyTactileTests;
				PRODUCT_NAME = "$(TARGET_NAME)";
				SWIFT_EMIT_LOC_STRINGS = NO;
				SWIFT_VERSION = 5.0;
				TARGETED_DEVICE_FAMILY = "1,2";
				TEST_HOST = "$(BUILT_PRODUCTS_DIR)/TinyTactile.app/$(BUNDLE_EXECUTABLE_FOLDER_PATH)/TinyTactile";
			};
			name = Release;
		};
		AD6462C32CDD4AC100C384E7 /* Debug */ = {
			isa = XCBuildConfiguration;
			buildSettings = {
				CODE_SIGN_STYLE = Automatic;
				CURRENT_PROJECT_VERSION = 1;
				DEVELOPMENT_TEAM = HWH6G9P2V2;
				GENERATE_INFOPLIST_FILE = YES;
				MARKETING_VERSION = 1.0;
				PRODUCT_BUNDLE_IDENTIFIER = works.dd.TinyTactileUITests;
				PRODUCT_NAME = "$(TARGET_NAME)";
				SWIFT_EMIT_LOC_STRINGS = NO;
				SWIFT_VERSION = 5.0;
				TARGETED_DEVICE_FAMILY = "1,2";
				TEST_TARGET_NAME = TinyTactile;
			};
			name = Debug;
		};
		AD6462C42CDD4AC100C384E7 /* Release */ = {
			isa = XCBuildConfiguration;
			buildSettings = {
				CODE_SIGN_STYLE = Automatic;
				CURRENT_PROJECT_VERSION = 1;
				DEVELOPMENT_TEAM = HWH6G9P2V2;
				GENERATE_INFOPLIST_FILE = YES;
				MARKETING_VERSION = 1.0;
				PRODUCT_BUNDLE_IDENTIFIER = works.dd.TinyTactileUITests;
				PRODUCT_NAME = "$(TARGET_NAME)";
				SWIFT_EMIT_LOC_STRINGS = NO;
				SWIFT_VERSION = 5.0;
				TARGETED_DEVICE_FAMILY = "1,2";
				TEST_TARGET_NAME = TinyTactile;
			};
			name = Release;
		};
/* End XCBuildConfiguration section */

/* Begin XCConfigurationList section */
		AD6462932CDD4ABF00C384E7 /* Build configuration list for PBXProject "TinyTactile" */ = {
			isa = XCConfigurationList;
			buildConfigurations = (
				AD6462BA2CDD4AC100C384E7 /* Debug */,
				AD6462BB2CDD4AC100C384E7 /* Release */,
			);
			defaultConfigurationIsVisible = 0;
			defaultConfigurationName = Release;
		};
		AD6462BC2CDD4AC100C384E7 /* Build configuration list for PBXNativeTarget "TinyTactile" */ = {
			isa = XCConfigurationList;
			buildConfigurations = (
				AD6462BD2CDD4AC100C384E7 /* Debug */,
				AD6462BE2CDD4AC100C384E7 /* Release */,
			);
			defaultConfigurationIsVisible = 0;
			defaultConfigurationName = Release;
		};
		AD6462BF2CDD4AC100C384E7 /* Build configuration list for PBXNativeTarget "TinyTactileTests" */ = {
			isa = XCConfigurationList;
			buildConfigurations = (
				AD6462C02CDD4AC100C384E7 /* Debug */,
				AD6462C12CDD4AC100C384E7 /* Release */,
			);
			defaultConfigurationIsVisible = 0;
			defaultConfigurationName = Release;
		};
		AD6462C22CDD4AC100C384E7 /* Build configuration list for PBXNativeTarget "TinyTactileUITests" */ = {
			isa = XCConfigurationList;
			buildConfigurations = (
				AD6462C32CDD4AC100C384E7 /* Debug */,
				AD6462C42CDD4AC100C384E7 /* Release */,
			);
			defaultConfigurationIsVisible = 0;
			defaultConfigurationName = Release;
		};
/* End XCConfigurationList section */
	};
	rootObject = AD6462902CDD4ABF00C384E7 /* Project object */;
}
